// !$*UTF8*$!
{
	archiveVersion = 1;
	classes = {
	};
	objectVersion = 46;
	objects = {

/* Begin PBXBuildFile section */
		9F3975C01DBD9E81009EC58D /* main.m in Sources */ = {isa = PBXBuildFile; fileRef = 9F3975BF1DBD9E81009EC58D /* main.m */; };
		9F3975C31DBD9E81009EC58D /* AppDelegate.m in Sources */ = {isa = PBXBuildFile; fileRef = 9F3975C21DBD9E81009EC58D /* AppDelegate.m */; };
		9F3975C61DBD9E81009EC58D /* ViewController.m in Sources */ = {isa = PBXBuildFile; fileRef = 9F3975C51DBD9E81009EC58D /* ViewController.m */; };
		9F3975C91DBD9E81009EC58D /* Main.storyboard in Resources */ = {isa = PBXBuildFile; fileRef = 9F3975C71DBD9E81009EC58D /* Main.storyboard */; };
		9F3975CB1DBD9E81009EC58D /* Assets.xcassets in Resources */ = {isa = PBXBuildFile; fileRef = 9F3975CA1DBD9E81009EC58D /* Assets.xcassets */; };
		9F3975CE1DBD9E81009EC58D /* LaunchScreen.storyboard in Resources */ = {isa = PBXBuildFile; fileRef = 9F3975CC1DBD9E81009EC58D /* LaunchScreen.storyboard */; };
		9F3975DC1DBD9E93009EC58D /* libWeChatSDK.a in Frameworks */ = {isa = PBXBuildFile; fileRef = 9F3975D61DBD9E93009EC58D /* libWeChatSDK.a */; };
		9F3975DD1DBD9E93009EC58D /* read_me.txt in Resources */ = {isa = PBXBuildFile; fileRef = 9F3975D71DBD9E93009EC58D /* read_me.txt */; };
		9F3975DE1DBD9E93009EC58D /* README.txt in Resources */ = {isa = PBXBuildFile; fileRef = 9F3975D81DBD9E93009EC58D /* README.txt */; };
/* End PBXBuildFile section */

/* Begin PBXFileReference section */
		9F3975BB1DBD9E81009EC58D /* WeiXinSDK.app */ = {isa = PBXFileReference; explicitFileType = wrapper.application; includeInIndex = 0; path = WeiXinSDK.app; sourceTree = BUILT_PRODUCTS_DIR; };
		9F3975BF1DBD9E81009EC58D /* main.m */ = {isa = PBXFileReference; lastKnownFileType = sourcecode.c.objc; path = main.m; sourceTree = "<group>"; };
		9F3975C11DBD9E81009EC58D /* AppDelegate.h */ = {isa = PBXFileReference; lastKnownFileType = sourcecode.c.h; path = AppDelegate.h; sourceTree = "<group>"; };
		9F3975C21DBD9E81009EC58D /* AppDelegate.m */ = {isa = PBXFileReference; lastKnownFileType = sourcecode.c.objc; path = AppDelegate.m; sourceTree = "<group>"; };
		9F3975C41DBD9E81009EC58D /* ViewController.h */ = {isa = PBXFileReference; lastKnownFileType = sourcecode.c.h; path = ViewController.h; sourceTree = "<group>"; };
		9F3975C51DBD9E81009EC58D /* ViewController.m */ = {isa = PBXFileReference; lastKnownFileType = sourcecode.c.objc; path = ViewController.m; sourceTree = "<group>"; };
		9F3975C81DBD9E81009EC58D /* Base */ = {isa = PBXFileReference; lastKnownFileType = file.storyboard; name = Base; path = Base.lproj/Main.storyboard; sourceTree = "<group>"; };
		9F3975CA1DBD9E81009EC58D /* Assets.xcassets */ = {isa = PBXFileReference; lastKnownFileType = folder.assetcatalog; path = Assets.xcassets; sourceTree = "<group>"; };
		9F3975CD1DBD9E81009EC58D /* Base */ = {isa = PBXFileReference; lastKnownFileType = file.storyboard; name = Base; path = Base.lproj/LaunchScreen.storyboard; sourceTree = "<group>"; };
		9F3975CF1DBD9E81009EC58D /* Info.plist */ = {isa = PBXFileReference; lastKnownFileType = text.plist.xml; path = Info.plist; sourceTree = "<group>"; };
		9F3975D61DBD9E93009EC58D /* libWeChatSDK.a */ = {isa = PBXFileReference; lastKnownFileType = archive.ar; path = libWeChatSDK.a; sourceTree = "<group>"; };
		9F3975D71DBD9E93009EC58D /* read_me.txt */ = {isa = PBXFileReference; fileEncoding = 4; lastKnownFileType = text; path = read_me.txt; sourceTree = "<group>"; };
		9F3975D81DBD9E93009EC58D /* README.txt */ = {isa = PBXFileReference; fileEncoding = 4; lastKnownFileType = text; path = README.txt; sourceTree = "<group>"; };
		9F3975D91DBD9E93009EC58D /* WechatAuthSDK.h */ = {isa = PBXFileReference; fileEncoding = 4; lastKnownFileType = sourcecode.c.h; path = WechatAuthSDK.h; sourceTree = "<group>"; };
		9F3975DA1DBD9E93009EC58D /* WXApi.h */ = {isa = PBXFileReference; fileEncoding = 4; lastKnownFileType = sourcecode.c.h; path = WXApi.h; sourceTree = "<group>"; };
		9F3975DB1DBD9E93009EC58D /* WXApiObject.h */ = {isa = PBXFileReference; fileEncoding = 4; lastKnownFileType = sourcecode.c.h; path = WXApiObject.h; sourceTree = "<group>"; };
/* End PBXFileReference section */

/* Begin PBXFrameworksBuildPhase section */
		9F3975B81DBD9E81009EC58D /* Frameworks */ = {
			isa = PBXFrameworksBuildPhase;
			buildActionMask = 2147483647;
			files = (
				9F3975DC1DBD9E93009EC58D /* libWeChatSDK.a in Frameworks */,
			);
			runOnlyForDeploymentPostprocessing = 0;
		};
/* End PBXFrameworksBuildPhase section */

/* Begin PBXGroup section */
		9F3975B21DBD9E81009EC58D = {
			isa = PBXGroup;
			children = (
				9F3975BD1DBD9E81009EC58D /* WeiXinSDK */,
				9F3975BC1DBD9E81009EC58D /* Products */,
			);
			sourceTree = "<group>";
		};
		9F3975BC1DBD9E81009EC58D /* Products */ = {
			isa = PBXGroup;
			children = (
				9F3975BB1DBD9E81009EC58D /* WeiXinSDK.app */,
			);
			name = Products;
			sourceTree = "<group>";
		};
		9F3975BD1DBD9E81009EC58D /* WeiXinSDK */ = {
			isa = PBXGroup;
			children = (
				9F3975D51DBD9E93009EC58D /* SDKExport */,
				9F3975C11DBD9E81009EC58D /* AppDelegate.h */,
				9F3975C21DBD9E81009EC58D /* AppDelegate.m */,
				9F3975C41DBD9E81009EC58D /* ViewController.h */,
				9F3975C51DBD9E81009EC58D /* ViewController.m */,
				9F3975C71DBD9E81009EC58D /* Main.storyboard */,
				9F3975CA1DBD9E81009EC58D /* Assets.xcassets */,
				9F3975CC1DBD9E81009EC58D /* LaunchScreen.storyboard */,
				9F3975CF1DBD9E81009EC58D /* Info.plist */,
				9F3975BE1DBD9E81009EC58D /* Supporting Files */,
			);
			path = WeiXinSDK;
			sourceTree = "<group>";
		};
		9F3975BE1DBD9E81009EC58D /* Supporting Files */ = {
			isa = PBXGroup;
			children = (
				9F3975BF1DBD9E81009EC58D /* main.m */,
			);
			name = "Supporting Files";
			sourceTree = "<group>";
		};
		9F3975D51DBD9E93009EC58D /* SDKExport */ = {
			isa = PBXGroup;
			children = (
				9F3975D61DBD9E93009EC58D /* libWeChatSDK.a */,
				9F3975D71DBD9E93009EC58D /* read_me.txt */,
				9F3975D81DBD9E93009EC58D /* README.txt */,
				9F3975D91DBD9E93009EC58D /* WechatAuthSDK.h */,
				9F3975DA1DBD9E93009EC58D /* WXApi.h */,
				9F3975DB1DBD9E93009EC58D /* WXApiObject.h */,
			);
			path = SDKExport;
			sourceTree = "<group>";
		};
/* End PBXGroup section */

/* Begin PBXNativeTarget section */
		9F3975BA1DBD9E81009EC58D /* WeiXinSDK */ = {
			isa = PBXNativeTarget;
			buildConfigurationList = 9F3975D21DBD9E81009EC58D /* Build configuration list for PBXNativeTarget "WeiXinSDK" */;
			buildPhases = (
				9F3975B71DBD9E81009EC58D /* Sources */,
				9F3975B81DBD9E81009EC58D /* Frameworks */,
				9F3975B91DBD9E81009EC58D /* Resources */,
			);
			buildRules = (
			);
			dependencies = (
			);
			name = WeiXinSDK;
			productName = WeiXinSDK;
			productReference = 9F3975BB1DBD9E81009EC58D /* WeiXinSDK.app */;
			productType = "com.apple.product-type.application";
		};
/* End PBXNativeTarget section */

/* Begin PBXProject section */
		9F3975B31DBD9E81009EC58D /* Project object */ = {
			isa = PBXProject;
			attributes = {
				LastUpgradeCheck = 0730;
				ORGANIZATIONNAME = "峰";
				TargetAttributes = {
					9F3975BA1DBD9E81009EC58D = {
						CreatedOnToolsVersion = 7.3.1;
					};
				};
			};
			buildConfigurationList = 9F3975B61DBD9E81009EC58D /* Build configuration list for PBXProject "WeiXinSDK" */;
			compatibilityVersion = "Xcode 3.2";
			developmentRegion = English;
			hasScannedForEncodings = 0;
			knownRegions = (
				en,
				Base,
			);
			mainGroup = 9F3975B21DBD9E81009EC58D;
			productRefGroup = 9F3975BC1DBD9E81009EC58D /* Products */;
			projectDirPath = "";
			projectRoot = "";
			targets = (
				9F3975BA1DBD9E81009EC58D /* WeiXinSDK */,
			);
		};
/* End PBXProject section */

/* Begin PBXResourcesBuildPhase section */
		9F3975B91DBD9E81009EC58D /* Resources */ = {
			isa = PBXResourcesBuildPhase;
			buildActionMask = 2147483647;
			files = (
				9F3975CE1DBD9E81009EC58D /* LaunchScreen.storyboard in Resources */,
				9F3975CB1DBD9E81009EC58D /* Assets.xcassets in Resources */,
				9F3975DD1DBD9E93009EC58D /* read_me.txt in Resources */,
				9F3975C91DBD9E81009EC58D /* Main.storyboard in Resources */,
				9F3975DE1DBD9E93009EC58D /* README.txt in Resources */,
			);
			runOnlyForDeploymentPostprocessing = 0;
		};
/* End PBXResourcesBuildPhase section */

/* Begin PBXSourcesBuildPhase section */
		9F3975B71DBD9E81009EC58D /* Sources */ = {
			isa = PBXSourcesBuildPhase;
			buildActionMask = 2147483647;
			files = (
				9F3975C61DBD9E81009EC58D /* ViewController.m in Sources */,
				9F3975C31DBD9E81009EC58D /* AppDelegate.m in Sources */,
				9F3975C01DBD9E81009EC58D /* main.m in Sources */,
			);
			runOnlyForDeploymentPostprocessing = 0;
		};
/* End PBXSourcesBuildPhase section */

/* Begin PBXVariantGroup section */
		9F3975C71DBD9E81009EC58D /* Main.storyboard */ = {
			isa = PBXVariantGroup;
			children = (
				9F3975C81DBD9E81009EC58D /* Base */,
			);
			name = Main.storyboard;
			sourceTree = "<group>";
		};
		9F3975CC1DBD9E81009EC58D /* LaunchScreen.storyboard */ = {
			isa = PBXVariantGroup;
			children = (
				9F3975CD1DBD9E81009EC58D /* Base */,
			);
			name = LaunchScreen.storyboard;
			sourceTree = "<group>";
		};
/* End PBXVariantGroup section */

/* Begin XCBuildConfiguration section */
		9F3975D01DBD9E81009EC58D /* Debug */ = {
			isa = XCBuildConfiguration;
			buildSettings = {
				ALWAYS_SEARCH_USER_PATHS = NO;
				CLANG_ANALYZER_NONNULL = YES;
				CLANG_CXX_LANGUAGE_STANDARD = "gnu++0x";
				CLANG_CXX_LIBRARY = "libc++";
				CLANG_ENABLE_MODULES = YES;
				CLANG_ENABLE_OBJC_ARC = YES;
				CLANG_WARN_BOOL_CONVERSION = YES;
				CLANG_WARN_CONSTANT_CONVERSION = YES;
				CLANG_WARN_DIRECT_OBJC_ISA_USAGE = YES_ERROR;
				CLANG_WARN_EMPTY_BODY = YES;
				CLANG_WARN_ENUM_CONVERSION = YES;
				CLANG_WARN_INT_CONVERSION = YES;
				CLANG_WARN_OBJC_ROOT_CLASS = YES_ERROR;
				CLANG_WARN_UNREACHABLE_CODE = YES;
				CLANG_WARN__DUPLICATE_METHOD_MATCH = YES;
				"CODE_SIGN_IDENTITY[sdk=iphoneos*]" = "iPhone Developer";
				COPY_PHASE_STRIP = NO;
				DEBUG_INFORMATION_FORMAT = dwarf;
				ENABLE_STRICT_OBJC_MSGSEND = YES;
				ENABLE_TESTABILITY = YES;
				GCC_C_LANGUAGE_STANDARD = gnu99;
				GCC_DYNAMIC_NO_PIC = NO;
				GCC_NO_COMMON_BLOCKS = YES;
				GCC_OPTIMIZATION_LEVEL = 0;
				GCC_PREPROCESSOR_DEFINITIONS = (
					"DEBUG=1",
					"$(inherited)",
				);
				GCC_WARN_64_TO_32_BIT_CONVERSION = YES;
				GCC_WARN_ABOUT_RETURN_TYPE = YES_ERROR;
				GCC_WARN_UNDECLARED_SELECTOR = YES;
				GCC_WARN_UNINITIALIZED_AUTOS = YES_AGGRESSIVE;
				GCC_WARN_UNUSED_FUNCTION = YES;
				GCC_WARN_UNUSED_VARIABLE = YES;
				IPHONEOS_DEPLOYMENT_TARGET = 9.3;
				MTL_ENABLE_DEBUG_INFO = YES;
				ONLY_ACTIVE_ARCH = YES;
				SDKROOT = iphoneos;
			};
			name = Debug;
		};
		9F3975D11DBD9E81009EC58D /* Release */ = {
			isa = XCBuildConfiguration;
			buildSettings = {
				ALWAYS_SEARCH_USER_PATHS = NO;
				CLANG_ANALYZER_NONNULL = YES;
				CLANG_CXX_LANGUAGE_STANDARD = "gnu++0x";
				CLANG_CXX_LIBRARY = "libc++";
				CLANG_ENABLE_MODULES = YES;
				CLANG_ENABLE_OBJC_ARC = YES;
				CLANG_WARN_BOOL_CONVERSION = YES;
				CLANG_WARN_CONSTANT_CONVERSION = YES;
				CLANG_WARN_DIRECT_OBJC_ISA_USAGE = YES_ERROR;
				CLANG_WARN_EMPTY_BODY = YES;
				CLANG_WARN_ENUM_CONVERSION = YES;
				CLANG_WARN_INT_CONVERSION = YES;
				CLANG_WARN_OBJC_ROOT_CLASS = YES_ERROR;
				CLANG_WARN_UNREACHABLE_CODE = YES;
				CLANG_WARN__DUPLICATE_METHOD_MATCH = YES;
				"CODE_SIGN_IDENTITY[sdk=iphoneos*]" = "iPhone Developer";
				COPY_PHASE_STRIP = NO;
				DEBUG_INFORMATION_FORMAT = "dwarf-with-dsym";
				ENABLE_NS_ASSERTIONS = NO;
				ENABLE_STRICT_OBJC_MSGSEND = YES;
				GCC_C_LANGUAGE_STANDARD = gnu99;
				GCC_NO_COMMON_BLOCKS = YES;
				GCC_WARN_64_TO_32_BIT_CONVERSION = YES;
				GCC_WARN_ABOUT_RETURN_TYPE = YES_ERROR;
				GCC_WARN_UNDECLARED_SELECTOR = YES;
				GCC_WARN_UNINITIALIZED_AUTOS = YES_AGGRESSIVE;
				GCC_WARN_UNUSED_FUNCTION = YES;
				GCC_WARN_UNUSED_VARIABLE = YES;
				IPHONEOS_DEPLOYMENT_TARGET = 9.3;
				MTL_ENABLE_DEBUG_INFO = NO;
				SDKROOT = iphoneos;
				VALIDATE_PRODUCT = YES;
			};
			name = Release;
		};
		9F3975D31DBD9E81009EC58D /* Debug */ = {
			isa = XCBuildConfiguration;
			buildSettings = {
				ASSETCATALOG_COMPILER_APPICON_NAME = AppIcon;
				INFOPLIST_FILE = WeiXinSDK/Info.plist;
				LD_RUNPATH_SEARCH_PATHS = "$(inherited) @executable_path/Frameworks";
				LIBRARY_SEARCH_PATHS = (
					"$(inherited)",
					"$(PROJECT_DIR)/WeiXinSDK/SDKExport",
				);
				PRODUCT_BUNDLE_IDENTIFIER = com.allen.com.WeiXinSDK;
				PRODUCT_NAME = "$(TARGET_NAME)";
			};
			name = Debug;
		};
		9F3975D41DBD9E81009EC58D /* Release */ = {
			isa = XCBuildConfiguration;
			buildSettings = {
				ASSETCATALOG_COMPILER_APPICON_NAME = AppIcon;
				INFOPLIST_FILE = WeiXinSDK/Info.plist;
				LD_RUNPATH_SEARCH_PATHS = "$(inherited) @executable_path/Frameworks";
				LIBRARY_SEARCH_PATHS = (
					"$(inherited)",
					"$(PROJECT_DIR)/WeiXinSDK/SDKExport",
				);
				PRODUCT_BUNDLE_IDENTIFIER = com.allen.com.WeiXinSDK;
				PRODUCT_NAME = "$(TARGET_NAME)";
			};
			name = Release;
		};
/* End XCBuildConfiguration section */

/* Begin XCConfigurationList section */
		9F3975B61DBD9E81009EC58D /* Build configuration list for PBXProject "WeiXinSDK" */ = {
			isa = XCConfigurationList;
			buildConfigurations = (
				9F3975D01DBD9E81009EC58D /* Debug */,
				9F3975D11DBD9E81009EC58D /* Release */,
			);
			defaultConfigurationIsVisible = 0;
			defaultConfigurationName = Release;
		};
		9F3975D21DBD9E81009EC58D /* Build configuration list for PBXNativeTarget "WeiXinSDK" */ = {
			isa = XCConfigurationList;
			buildConfigurations = (
				9F3975D31DBD9E81009EC58D /* Debug */,
				9F3975D41DBD9E81009EC58D /* Release */,
			);
			defaultConfigurationIsVisible = 0;
		};
/* End XCConfigurationList section */
	};
	rootObject = 9F3975B31DBD9E81009EC58D /* Project object */;
}
